
Microsoft Visual Studio Solution File, Format Version 12.00
# Visual Studio Version 18
VisualStudioVersion = 18.1.11312.151
MinimumVisualStudioVersion = 10.0.40219.1
Project("{FAE04EC0-301F-11D3-BF4B-00C04F79EFBC}") = "Claude.AgentSdk", "src\Claude.AgentSdk\Claude.AgentSdk.csproj", "{A1B2C3D4-E5F6-7890-ABCD-EF1234567890}"
EndProject
Project("{FAE04EC0-301F-11D3-BF4B-00C04F79EFBC}") = "Claude.AgentSdk.Tests", "tests\Claude.AgentSdk.Tests\Claude.AgentSdk.Tests.csproj", "{B2C3D4E5-F678-90AB-CDEF-123456789012}"
EndProject
Project("{2150E333-8FDC-42A3-9474-1A3956D46DE8}") = "Solution Items", "Solution Items", "{107AC9B6-1B46-4196-B2AD-E2EB9E53C98A}"
	ProjectSection(SolutionItems) = preProject
		.editorconfig = .editorconfig
		README.md = README.md
		TODO.md = TODO.md
	EndProjectSection
EndProject
Project("{FAE04EC0-301F-11D3-BF4B-00C04F79EFBC}") = "Claude.AgentSdk.Examples", "examples\Claude.AgentSdk.Examples\Claude.AgentSdk.Examples.csproj", "{F473FB0F-E1FA-E888-35DA-541E94A1E0B7}"
EndProject
Project("{2150E333-8FDC-42A3-9474-1A3956D46DE8}") = "examples", "examples", "{B36A84DF-456D-A817-6EDD-3EC3E7F6E11F}"
EndProject
Project("{FAE04EC0-301F-11D3-BF4B-00C04F79EFBC}") = "Claude.AgentSdk.SignalR", "examples\Claude.AgentSdk.SignalR\Claude.AgentSdk.SignalR.csproj", "{48D7EBA8-3119-46F3-AA8C-48D857D10C8E}"
EndProject
Project("{FAE04EC0-301F-11D3-BF4B-00C04F79EFBC}") = "Claude.AgentSdk.HelloWorld", "examples\Claude.AgentSdk.HelloWorld\Claude.AgentSdk.HelloWorld.csproj", "{81C2A028-566C-498A-B47B-BE8037E49B20}"
EndProject
Project("{FAE04EC0-301F-11D3-BF4B-00C04F79EFBC}") = "Claude.AgentSdk.ResearchAgent", "examples\Claude.AgentSdk.ResearchAgent\Claude.AgentSdk.ResearchAgent.csproj", "{907C8FBD-FB64-485B-B8ED-BDC9D2D761C6}"
EndProject
Project("{FAE04EC0-301F-11D3-BF4B-00C04F79EFBC}") = "Claude.AgentSdk.ResumeGenerator", "examples\Claude.AgentSdk.ResumeGenerator\Claude.AgentSdk.ResumeGenerator.csproj", "{CF71B1BA-0D41-4FAB-9879-1E09CDD9ABDC}"
EndProject
Project("{FAE04EC0-301F-11D3-BF4B-00C04F79EFBC}") = "Claude.AgentSdk.SimpleChatApp", "examples\Claude.AgentSdk.SimpleChatApp\Claude.AgentSdk.SimpleChatApp.csproj", "{642474EE-E838-4B04-8014-590BB65D90F0}"
EndProject
Project("{FAE04EC0-301F-11D3-BF4B-00C04F79EFBC}") = "Claude.AgentSdk.ExcelAgent", "examples\Claude.AgentSdk.ExcelAgent\Claude.AgentSdk.ExcelAgent.csproj", "{3217222D-D97C-4D19-9AC4-538CE999B27E}"
EndProject
Project("{FAE04EC0-301F-11D3-BF4B-00C04F79EFBC}") = "Claude.AgentSdk.EmailAgent", "examples\Claude.AgentSdk.EmailAgent\Claude.AgentSdk.EmailAgent.csproj", "{F4A558B1-9780-4FCC-941E-38C8460FD4A8}"
EndProject
Project("{FAE04EC0-301F-11D3-BF4B-00C04F79EFBC}") = "Claude.AgentSdk.SubagentTest", "examples\Claude.AgentSdk.SubagentTest\Claude.AgentSdk.SubagentTest.csproj", "{C482FED7-A8E0-D8A9-D6CE-F092BBC8B2A8}"
EndProject
Project("{FAE04EC0-301F-11D3-BF4B-00C04F79EFBC}") = "Claude.AgentSdk.Generators", "src\Claude.AgentSdk.Generators\Claude.AgentSdk.Generators.csproj", "{885CC50E-D2E9-4B52-983F-F44636BC2C78}"
EndProject
Global
	GlobalSection(SolutionConfigurationPlatforms) = preSolution
		Debug|Any CPU = Debug|Any CPU
		Debug|x64 = Debug|x64
		Debug|x86 = Debug|x86
		Release|Any CPU = Release|Any CPU
		Release|x64 = Release|x64
		Release|x86 = Release|x86
	EndGlobalSection
	GlobalSection(ProjectConfigurationPlatforms) = postSolution
		{A1B2C3D4-E5F6-7890-ABCD-EF1234567890}.Debug|Any CPU.ActiveCfg = Debug|Any CPU
		{A1B2C3D4-E5F6-7890-ABCD-EF1234567890}.Debug|Any CPU.Build.0 = Debug|Any CPU
		{A1B2C3D4-E5F6-7890-ABCD-EF1234567890}.Debug|x64.ActiveCfg = Debug|Any CPU
		{A1B2C3D4-E5F6-7890-ABCD-EF1234567890}.Debug|x64.Build.0 = Debug|Any CPU
		{A1B2C3D4-E5F6-7890-ABCD-EF1234567890}.Debug|x86.ActiveCfg = Debug|Any CPU
		{A1B2C3D4-E5F6-7890-ABCD-EF1234567890}.Debug|x86.Build.0 = Debug|Any CPU
		{A1B2C3D4-E5F6-7890-ABCD-EF1234567890}.Release|Any CPU.ActiveCfg = Release|Any CPU
		{A1B2C3D4-E5F6-7890-ABCD-EF1234567890}.Release|Any CPU.Build.0 = Release|Any CPU
		{A1B2C3D4-E5F6-7890-ABCD-EF1234567890}.Release|x64.ActiveCfg = Release|Any CPU
		{A1B2C3D4-E5F6-7890-ABCD-EF1234567890}.Release|x64.Build.0 = Release|Any CPU
		{A1B2C3D4-E5F6-7890-ABCD-EF1234567890}.Release|x86.ActiveCfg = Release|Any CPU
		{A1B2C3D4-E5F6-7890-ABCD-EF1234567890}.Release|x86.Build.0 = Release|Any CPU
		{B2C3D4E5-F678-90AB-CDEF-123456789012}.Debug|Any CPU.ActiveCfg = Debug|Any CPU
		{B2C3D4E5-F678-90AB-CDEF-123456789012}.Debug|Any CPU.Build.0 = Debug|Any CPU
		{B2C3D4E5-F678-90AB-CDEF-123456789012}.Debug|x64.ActiveCfg = Debug|Any CPU
		{B2C3D4E5-F678-90AB-CDEF-123456789012}.Debug|x64.Build.0 = Debug|Any CPU
		{B2C3D4E5-F678-90AB-CDEF-123456789012}.Debug|x86.ActiveCfg = Debug|Any CPU
		{B2C3D4E5-F678-90AB-CDEF-123456789012}.Debug|x86.Build.0 = Debug|Any CPU
		{B2C3D4E5-F678-90AB-CDEF-123456789012}.Release|Any CPU.ActiveCfg = Release|Any CPU
		{B2C3D4E5-F678-90AB-CDEF-123456789012}.Release|Any CPU.Build.0 = Release|Any CPU
		{B2C3D4E5-F678-90AB-CDEF-123456789012}.Release|x64.ActiveCfg = Release|Any CPU
		{B2C3D4E5-F678-90AB-CDEF-123456789012}.Release|x64.Build.0 = Release|Any CPU
		{B2C3D4E5-F678-90AB-CDEF-123456789012}.Release|x86.ActiveCfg = Release|Any CPU
		{B2C3D4E5-F678-90AB-CDEF-123456789012}.Release|x86.Build.0 = Release|Any CPU
		{F473FB0F-E1FA-E888-35DA-541E94A1E0B7}.Debug|Any CPU.ActiveCfg = Debug|Any CPU
		{F473FB0F-E1FA-E888-35DA-541E94A1E0B7}.Debug|Any CPU.Build.0 = Debug|Any CPU
		{F473FB0F-E1FA-E888-35DA-541E94A1E0B7}.Debug|x64.ActiveCfg = Debug|Any CPU
		{F473FB0F-E1FA-E888-35DA-541E94A1E0B7}.Debug|x64.Build.0 = Debug|Any CPU
		{F473FB0F-E1FA-E888-35DA-541E94A1E0B7}.Debug|x86.ActiveCfg = Debug|Any CPU
		{F473FB0F-E1FA-E888-35DA-541E94A1E0B7}.Debug|x86.Build.0 = Debug|Any CPU
		{F473FB0F-E1FA-E888-35DA-541E94A1E0B7}.Release|Any CPU.ActiveCfg = Release|Any CPU
		{F473FB0F-E1FA-E888-35DA-541E94A1E0B7}.Release|Any CPU.Build.0 = Release|Any CPU
		{F473FB0F-E1FA-E888-35DA-541E94A1E0B7}.Release|x64.ActiveCfg = Release|Any CPU
		{F473FB0F-E1FA-E888-35DA-541E94A1E0B7}.Release|x64.Build.0 = Release|Any CPU
		{F473FB0F-E1FA-E888-35DA-541E94A1E0B7}.Release|x86.ActiveCfg = Release|Any CPU
		{F473FB0F-E1FA-E888-35DA-541E94A1E0B7}.Release|x86.Build.0 = Release|Any CPU
		{48D7EBA8-3119-46F3-AA8C-48D857D10C8E}.Debug|Any CPU.ActiveCfg = Debug|Any CPU
		{48D7EBA8-3119-46F3-AA8C-48D857D10C8E}.Debug|Any CPU.Build.0 = Debug|Any CPU
		{48D7EBA8-3119-46F3-AA8C-48D857D10C8E}.Debug|x64.ActiveCfg = Debug|Any CPU
		{48D7EBA8-3119-46F3-AA8C-48D857D10C8E}.Debug|x64.Build.0 = Debug|Any CPU
		{48D7EBA8-3119-46F3-AA8C-48D857D10C8E}.Debug|x86.ActiveCfg = Debug|Any CPU
		{48D7EBA8-3119-46F3-AA8C-48D857D10C8E}.Debug|x86.Build.0 = Debug|Any CPU
		{48D7EBA8-3119-46F3-AA8C-48D857D10C8E}.Release|Any CPU.ActiveCfg = Release|Any CPU
		{48D7EBA8-3119-46F3-AA8C-48D857D10C8E}.Release|Any CPU.Build.0 = Release|Any CPU
		{48D7EBA8-3119-46F3-AA8C-48D857D10C8E}.Release|x64.ActiveCfg = Release|Any CPU
		{48D7EBA8-3119-46F3-AA8C-48D857D10C8E}.Release|x64.Build.0 = Release|Any CPU
		{48D7EBA8-3119-46F3-AA8C-48D857D10C8E}.Release|x86.ActiveCfg = Release|Any CPU
		{48D7EBA8-3119-46F3-AA8C-48D857D10C8E}.Release|x86.Build.0 = Release|Any CPU
		{81C2A028-566C-498A-B47B-BE8037E49B20}.Debug|Any CPU.ActiveCfg = Debug|Any CPU
		{81C2A028-566C-498A-B47B-BE8037E49B20}.Debug|Any CPU.Build.0 = Debug|Any CPU
		{81C2A028-566C-498A-B47B-BE8037E49B20}.Debug|x64.ActiveCfg = Debug|Any CPU
		{81C2A028-566C-498A-B47B-BE8037E49B20}.Debug|x64.Build.0 = Debug|Any CPU
		{81C2A028-566C-498A-B47B-BE8037E49B20}.Debug|x86.ActiveCfg = Debug|Any CPU
		{81C2A028-566C-498A-B47B-BE8037E49B20}.Debug|x86.Build.0 = Debug|Any CPU
		{81C2A028-566C-498A-B47B-BE8037E49B20}.Release|Any CPU.ActiveCfg = Release|Any CPU
		{81C2A028-566C-498A-B47B-BE8037E49B20}.Release|Any CPU.Build.0 = Release|Any CPU
		{81C2A028-566C-498A-B47B-BE8037E49B20}.Release|x64.ActiveCfg = Release|Any CPU
		{81C2A028-566C-498A-B47B-BE8037E49B20}.Release|x64.Build.0 = Release|Any CPU
		{81C2A028-566C-498A-B47B-BE8037E49B20}.Release|x86.ActiveCfg = Release|Any CPU
		{81C2A028-566C-498A-B47B-BE8037E49B20}.Release|x86.Build.0 = Release|Any CPU
		{907C8FBD-FB64-485B-B8ED-BDC9D2D761C6}.Debug|Any CPU.ActiveCfg = Debug|Any CPU
		{907C8FBD-FB64-485B-B8ED-BDC9D2D761C6}.Debug|Any CPU.Build.0 = Debug|Any CPU
		{907C8FBD-FB64-485B-B8ED-BDC9D2D761C6}.Debug|x64.ActiveCfg = Debug|Any CPU
		{907C8FBD-FB64-485B-B8ED-BDC9D2D761C6}.Debug|x64.Build.0 = Debug|Any CPU
		{907C8FBD-FB64-485B-B8ED-BDC9D2D761C6}.Debug|x86.ActiveCfg = Debug|Any CPU
		{907C8FBD-FB64-485B-B8ED-BDC9D2D761C6}.Debug|x86.Build.0 = Debug|Any CPU
		{907C8FBD-FB64-485B-B8ED-BDC9D2D761C6}.Release|Any CPU.ActiveCfg = Release|Any CPU
		{907C8FBD-FB64-485B-B8ED-BDC9D2D761C6}.Release|Any CPU.Build.0 = Release|Any CPU
		{907C8FBD-FB64-485B-B8ED-BDC9D2D761C6}.Release|x64.ActiveCfg = Release|Any CPU
		{907C8FBD-FB64-485B-B8ED-BDC9D2D761C6}.Release|x64.Build.0 = Release|Any CPU
		{907C8FBD-FB64-485B-B8ED-BDC9D2D761C6}.Release|x86.ActiveCfg = Release|Any CPU
		{907C8FBD-FB64-485B-B8ED-BDC9D2D761C6}.Release|x86.Build.0 = Release|Any CPU
		{CF71B1BA-0D41-4FAB-9879-1E09CDD9ABDC}.Debug|Any CPU.ActiveCfg = Debug|Any CPU
		{CF71B1BA-0D41-4FAB-9879-1E09CDD9ABDC}.Debug|Any CPU.Build.0 = Debug|Any CPU
		{CF71B1BA-0D41-4FAB-9879-1E09CDD9ABDC}.Debug|x64.ActiveCfg = Debug|Any CPU
		{CF71B1BA-0D41-4FAB-9879-1E09CDD9ABDC}.Debug|x64.Build.0 = Debug|Any CPU
		{CF71B1BA-0D41-4FAB-9879-1E09CDD9ABDC}.Debug|x86.ActiveCfg = Debug|Any CPU
		{CF71B1BA-0D41-4FAB-9879-1E09CDD9ABDC}.Debug|x86.Build.0 = Debug|Any CPU
		{CF71B1BA-0D41-4FAB-9879-1E09CDD9ABDC}.Release|Any CPU.ActiveCfg = Release|Any CPU
		{CF71B1BA-0D41-4FAB-9879-1E09CDD9ABDC}.Release|Any CPU.Build.0 = Release|Any CPU
		{CF71B1BA-0D41-4FAB-9879-1E09CDD9ABDC}.Release|x64.ActiveCfg = Release|Any CPU
		{CF71B1BA-0D41-4FAB-9879-1E09CDD9ABDC}.Release|x64.Build.0 = Release|Any CPU
		{CF71B1BA-0D41-4FAB-9879-1E09CDD9ABDC}.Release|x86.ActiveCfg = Release|Any CPU
		{CF71B1BA-0D41-4FAB-9879-1E09CDD9ABDC}.Release|x86.Build.0 = Release|Any CPU
		{642474EE-E838-4B04-8014-590BB65D90F0}.Debug|Any CPU.ActiveCfg = Debug|Any CPU
		{642474EE-E838-4B04-8014-590BB65D90F0}.Debug|Any CPU.Build.0 = Debug|Any CPU
		{642474EE-E838-4B04-8014-590BB65D90F0}.Debug|x64.ActiveCfg = Debug|Any CPU
		{642474EE-E838-4B04-8014-590BB65D90F0}.Debug|x64.Build.0 = Debug|Any CPU
		{642474EE-E838-4B04-8014-590BB65D90F0}.Debug|x86.ActiveCfg = Debug|Any CPU
		{642474EE-E838-4B04-8014-590BB65D90F0}.Debug|x86.Build.0 = Debug|Any CPU
		{642474EE-E838-4B04-8014-590BB65D90F0}.Release|Any CPU.ActiveCfg = Release|Any CPU
		{642474EE-E838-4B04-8014-590BB65D90F0}.Release|Any CPU.Build.0 = Release|Any CPU
		{642474EE-E838-4B04-8014-590BB65D90F0}.Release|x64.ActiveCfg = Release|Any CPU
		{642474EE-E838-4B04-8014-590BB65D90F0}.Release|x64.Build.0 = Release|Any CPU
		{642474EE-E838-4B04-8014-590BB65D90F0}.Release|x86.ActiveCfg = Release|Any CPU
		{642474EE-E838-4B04-8014-590BB65D90F0}.Release|x86.Build.0 = Release|Any CPU
		{3217222D-D97C-4D19-9AC4-538CE999B27E}.Debug|Any CPU.ActiveCfg = Debug|Any CPU
		{3217222D-D97C-4D19-9AC4-538CE999B27E}.Debug|Any CPU.Build.0 = Debug|Any CPU
		{3217222D-D97C-4D19-9AC4-538CE999B27E}.Debug|x64.ActiveCfg = Debug|Any CPU
		{3217222D-D97C-4D19-9AC4-538CE999B27E}.Debug|x64.Build.0 = Debug|Any CPU
		{3217222D-D97C-4D19-9AC4-538CE999B27E}.Debug|x86.ActiveCfg = Debug|Any CPU
		{3217222D-D97C-4D19-9AC4-538CE999B27E}.Debug|x86.Build.0 = Debug|Any CPU
		{3217222D-D97C-4D19-9AC4-538CE999B27E}.Release|Any CPU.ActiveCfg = Release|Any CPU
		{3217222D-D97C-4D19-9AC4-538CE999B27E}.Release|Any CPU.Build.0 = Release|Any CPU
		{3217222D-D97C-4D19-9AC4-538CE999B27E}.Release|x64.ActiveCfg = Release|Any CPU
		{3217222D-D97C-4D19-9AC4-538CE999B27E}.Release|x64.Build.0 = Release|Any CPU
		{3217222D-D97C-4D19-9AC4-538CE999B27E}.Release|x86.ActiveCfg = Release|Any CPU
		{3217222D-D97C-4D19-9AC4-538CE999B27E}.Release|x86.Build.0 = Release|Any CPU
		{F4A558B1-9780-4FCC-941E-38C8460FD4A8}.Debug|Any CPU.ActiveCfg = Debug|Any CPU
		{F4A558B1-9780-4FCC-941E-38C8460FD4A8}.Debug|Any CPU.Build.0 = Debug|Any CPU
		{F4A558B1-9780-4FCC-941E-38C8460FD4A8}.Debug|x64.ActiveCfg = Debug|Any CPU
		{F4A558B1-9780-4FCC-941E-38C8460FD4A8}.Debug|x64.Build.0 = Debug|Any CPU
		{F4A558B1-9780-4FCC-941E-38C8460FD4A8}.Debug|x86.ActiveCfg = Debug|Any CPU
		{F4A558B1-9780-4FCC-941E-38C8460FD4A8}.Debug|x86.Build.0 = Debug|Any CPU
		{F4A558B1-9780-4FCC-941E-38C8460FD4A8}.Release|Any CPU.ActiveCfg = Release|Any CPU
		{F4A558B1-9780-4FCC-941E-38C8460FD4A8}.Release|Any CPU.Build.0 = Release|Any CPU
		{F4A558B1-9780-4FCC-941E-38C8460FD4A8}.Release|x64.ActiveCfg = Release|Any CPU
		{F4A558B1-9780-4FCC-941E-38C8460FD4A8}.Release|x64.Build.0 = Release|Any CPU
		{F4A558B1-9780-4FCC-941E-38C8460FD4A8}.Release|x86.ActiveCfg = Release|Any CPU
		{F4A558B1-9780-4FCC-941E-38C8460FD4A8}.Release|x86.Build.0 = Release|Any CPU
		{C482FED7-A8E0-D8A9-D6CE-F092BBC8B2A8}.Debug|Any CPU.ActiveCfg = Debug|Any CPU
		{C482FED7-A8E0-D8A9-D6CE-F092BBC8B2A8}.Debug|Any CPU.Build.0 = Debug|Any CPU
		{C482FED7-A8E0-D8A9-D6CE-F092BBC8B2A8}.Debug|x64.ActiveCfg = Debug|Any CPU
		{C482FED7-A8E0-D8A9-D6CE-F092BBC8B2A8}.Debug|x64.Build.0 = Debug|Any CPU
		{C482FED7-A8E0-D8A9-D6CE-F092BBC8B2A8}.Debug|x86.ActiveCfg = Debug|Any CPU
		{C482FED7-A8E0-D8A9-D6CE-F092BBC8B2A8}.Debug|x86.Build.0 = Debug|Any CPU
		{C482FED7-A8E0-D8A9-D6CE-F092BBC8B2A8}.Release|Any CPU.ActiveCfg = Release|Any CPU
		{C482FED7-A8E0-D8A9-D6CE-F092BBC8B2A8}.Release|Any CPU.Build.0 = Release|Any CPU
		{C482FED7-A8E0-D8A9-D6CE-F092BBC8B2A8}.Release|x64.ActiveCfg = Release|Any CPU
		{C482FED7-A8E0-D8A9-D6CE-F092BBC8B2A8}.Release|x64.Build.0 = Release|Any CPU
		{C482FED7-A8E0-D8A9-D6CE-F092BBC8B2A8}.Release|x86.ActiveCfg = Release|Any CPU
		{C482FED7-A8E0-D8A9-D6CE-F092BBC8B2A8}.Release|x86.Build.0 = Release|Any CPU
		{885CC50E-D2E9-4B52-983F-F44636BC2C78}.Debug|Any CPU.ActiveCfg = Debug|Any CPU
		{885CC50E-D2E9-4B52-983F-F44636BC2C78}.Debug|Any CPU.Build.0 = Debug|Any CPU
		{885CC50E-D2E9-4B52-983F-F44636BC2C78}.Debug|x64.ActiveCfg = Debug|Any CPU
		{885CC50E-D2E9-4B52-983F-F44636BC2C78}.Debug|x64.Build.0 = Debug|Any CPU
		{885CC50E-D2E9-4B52-983F-F44636BC2C78}.Debug|x86.ActiveCfg = Debug|Any CPU
		{885CC50E-D2E9-4B52-983F-F44636BC2C78}.Debug|x86.Build.0 = Debug|Any CPU
		{885CC50E-D2E9-4B52-983F-F44636BC2C78}.Release|Any CPU.ActiveCfg = Release|Any CPU
		{885CC50E-D2E9-4B52-983F-F44636BC2C78}.Release|Any CPU.Build.0 = Release|Any CPU
		{885CC50E-D2E9-4B52-983F-F44636BC2C78}.Release|x64.ActiveCfg = Release|Any CPU
		{885CC50E-D2E9-4B52-983F-F44636BC2C78}.Release|x64.Build.0 = Release|Any CPU
		{885CC50E-D2E9-4B52-983F-F44636BC2C78}.Release|x86.ActiveCfg = Release|Any CPU
		{885CC50E-D2E9-4B52-983F-F44636BC2C78}.Release|x86.Build.0 = Release|Any CPU
	EndGlobalSection
	GlobalSection(SolutionProperties) = preSolution
		HideSolutionNode = FALSE
	EndGlobalSection
	GlobalSection(NestedProjects) = preSolution
		{F473FB0F-E1FA-E888-35DA-541E94A1E0B7} = {B36A84DF-456D-A817-6EDD-3EC3E7F6E11F}
		{48D7EBA8-3119-46F3-AA8C-48D857D10C8E} = {B36A84DF-456D-A817-6EDD-3EC3E7F6E11F}
		{81C2A028-566C-498A-B47B-BE8037E49B20} = {B36A84DF-456D-A817-6EDD-3EC3E7F6E11F}
		{907C8FBD-FB64-485B-B8ED-BDC9D2D761C6} = {B36A84DF-456D-A817-6EDD-3EC3E7F6E11F}
		{CF71B1BA-0D41-4FAB-9879-1E09CDD9ABDC} = {B36A84DF-456D-A817-6EDD-3EC3E7F6E11F}
		{642474EE-E838-4B04-8014-590BB65D90F0} = {B36A84DF-456D-A817-6EDD-3EC3E7F6E11F}
		{3217222D-D97C-4D19-9AC4-538CE999B27E} = {B36A84DF-456D-A817-6EDD-3EC3E7F6E11F}
		{F4A558B1-9780-4FCC-941E-38C8460FD4A8} = {B36A84DF-456D-A817-6EDD-3EC3E7F6E11F}
		{C482FED7-A8E0-D8A9-D6CE-F092BBC8B2A8} = {B36A84DF-456D-A817-6EDD-3EC3E7F6E11F}
	EndGlobalSection
	GlobalSection(ExtensibilityGlobals) = postSolution
		SolutionGuid = {208EA5D7-DBBA-47C8-8719-0BAFD4F81682}
	EndGlobalSection
EndGlobal
